
Microsoft Visual Studio Solution File, Format Version 12.00
# Visual Studio Version 17
VisualStudioVersion = 17.7.34031.279
MinimumVisualStudioVersion = 10.0.40219.1
Project("{9A19103F-16F7-4668-BE54-9A1E7A4F7556}") = "BuddyLanguage.Domain", "src\BuddyLanguage.Domain\BuddyLanguage.Domain.csproj", "{9AC0BF22-EABA-4414-8106-1AD074666812}"
EndProject
Project("{2150E333-8FDC-42A3-9474-1A3956D46DE8}") = "src", "src", "{8BAB869C-0136-46CC-B9A0-46636FC4C9C8}"
EndProject
Project("{2150E333-8FDC-42A3-9474-1A3956D46DE8}") = "infrastructure", "infrastructure", "{B7E89B02-7310-4605-9FB5-C6816DD5EE51}"
EndProject
Project("{2150E333-8FDC-42A3-9474-1A3956D46DE8}") = "tests", "tests", "{29BBBC3B-7154-4E97-8CE0-82567911AFC0}"
EndProject
Project("{9A19103F-16F7-4668-BE54-9A1E7A4F7556}") = "BuddyLanguage.Data.EntityFramework", "src\infrastructure\BuddyLanguage.Data.EntityFramework\BuddyLanguage.Data.EntityFramework.csproj", "{F28A298E-E7C8-4733-83C8-69CB918DB734}"
EndProject
Project("{9A19103F-16F7-4668-BE54-9A1E7A4F7556}") = "BuddyLanguage.Domain.Test", "tests\BuddyLanguage.Domain.Test\BuddyLanguage.Domain.Test.csproj", "{157E1854-F0A3-4819-A032-81BA31F12387}"
EndProject
Project("{2150E333-8FDC-42A3-9474-1A3956D46DE8}") = "presentation", "presentation", "{1824C987-16E5-4AA7-86EB-680D58B6A5C6}"
EndProject
Project("{9A19103F-16F7-4668-BE54-9A1E7A4F7556}") = "BuddyLanguage.WebApi", "src\presentation\BuddyLanguage.WebApi\BuddyLanguage.WebApi.csproj", "{EB441BAB-DAE3-4724-B63A-A182D005DA54}"
EndProject
Project("{9A19103F-16F7-4668-BE54-9A1E7A4F7556}") = "BuddyLanguage.Infrastructure.IntegrationTest", "tests\BuddyLanguage.Infrastructure.IntegrationTest\BuddyLanguage.Infrastructure.IntegrationTest.csproj", "{BF991769-EAC3-49CA-A315-8A2AB27EDF6B}"
EndProject
Project("{9A19103F-16F7-4668-BE54-9A1E7A4F7556}") = "BuddyLanguage.ChatGPTService", "src\infrastructure\BuddyLanguage.ChatGPTService\BuddyLanguage.ChatGPTService.csproj", "{F13ACF1E-21D9-4598-9E54-965B11225D1D}"
EndProject
Project("{9A19103F-16F7-4668-BE54-9A1E7A4F7556}") = "BuddyLanguage.OpenAIWhisperSpeechRecognitionService", "src\infrastructure\BuddyLanguage.OpenAIWhisperSpeechRecognition\BuddyLanguage.OpenAIWhisperSpeechRecognitionService.csproj", "{64D89577-D3E9-40AF-A9FB-03EA41F7356C}"
EndProject
Project("{9A19103F-16F7-4668-BE54-9A1E7A4F7556}") = "BuddyLanguage.AzureServices", "src\infrastructure\BuddyLanguage.AzureServices\BuddyLanguage.AzureServices.csproj", "{158B5246-FBDC-4D78-86A6-A5AA9202E445}"
EndProject
Project("{9A19103F-16F7-4668-BE54-9A1E7A4F7556}") = "BuddyLanguage.Architecture.Test", "tests\BuddyLanguage.Architecture.Test\BuddyLanguage.Architecture.Test.csproj", "{781AD5FE-86F4-47FD-B7F7-F6161541C82E}"
EndProject
Project("{9A19103F-16F7-4668-BE54-9A1E7A4F7556}") = "BuddyLanguage.Infrastructure", "src\infrastructure\BuddyLanguage.Infrastructure\BuddyLanguage.Infrastructure.csproj", "{41B8D7D8-A562-4E59-92BE-800B880247E4}"
EndProject
Project("{2150E333-8FDC-42A3-9474-1A3956D46DE8}") = "configs", "configs", "{1202EB6B-7F30-4689-B767-FA1D77B77061}"
	ProjectSection(SolutionItems) = preProject
		.editorconfig = .editorconfig
		Directory.Build.props = Directory.Build.props
	EndProjectSection
EndProject
Project("{9A19103F-16F7-4668-BE54-9A1E7A4F7556}") = "BuddyLanguage.TelegramBot", "src\presentation\BuddyLanguage.TelegramBot\BuddyLanguage.TelegramBot.csproj", "{ED529C28-1A3A-41FF-9485-0218F55D47C3}"
EndProject
Project("{9A19103F-16F7-4668-BE54-9A1E7A4F7556}") = "BuddyLanguage.HttpModels", "src\presentation\BuddyLanguage.HttpModels\BuddyLanguage.HttpModels.csproj", "{10F75D72-895C-4856-9485-EA1BC5B4A7E8}"
EndProject
Project("{9A19103F-16F7-4668-BE54-9A1E7A4F7556}") = "BuddyLanguage.WebAPI.Test", "tests\BuddyLanguage.WebAPI.Test\BuddyLanguage.WebAPI.Test.csproj", "{98C162E5-F82A-44F0-A54E-717873F57B39}"
EndProject
Project("{FAE04EC0-301F-11D3-BF4B-00C04F79EFBC}") = "BuddyLanguage.PromptService", "src\infrastructure\BuddyLanguage.PromptService\BuddyLanguage.PromptService.csproj", "{E4CFCF0D-E7CF-4018-931C-86F18F855019}"
EndProject
Project("{FAE04EC0-301F-11D3-BF4B-00C04F79EFBC}") = "BuddyLanguage.NAudioConcentusOggOpusToPcmConverterLib", "src\infrastructure\BuddyLanguage.NAudioConcentusOggOpusToPcmConverterLib\BuddyLanguage.NAudioConcentusOggOpusToPcmConverterLib.csproj", "{31A0A274-0A7D-4DBE-AB0C-0DC999BFD3D8}"
EndProject
Global
	GlobalSection(SolutionConfigurationPlatforms) = preSolution
		Debug|Any CPU = Debug|Any CPU
		Release|Any CPU = Release|Any CPU
	EndGlobalSection
	GlobalSection(ProjectConfigurationPlatforms) = postSolution
		{9AC0BF22-EABA-4414-8106-1AD074666812}.Debug|Any CPU.ActiveCfg = Debug|Any CPU
		{9AC0BF22-EABA-4414-8106-1AD074666812}.Debug|Any CPU.Build.0 = Debug|Any CPU
		{9AC0BF22-EABA-4414-8106-1AD074666812}.Release|Any CPU.ActiveCfg = Release|Any CPU
		{9AC0BF22-EABA-4414-8106-1AD074666812}.Release|Any CPU.Build.0 = Release|Any CPU
		{F28A298E-E7C8-4733-83C8-69CB918DB734}.Debug|Any CPU.ActiveCfg = Debug|Any CPU
		{F28A298E-E7C8-4733-83C8-69CB918DB734}.Debug|Any CPU.Build.0 = Debug|Any CPU
		{F28A298E-E7C8-4733-83C8-69CB918DB734}.Release|Any CPU.ActiveCfg = Release|Any CPU
		{F28A298E-E7C8-4733-83C8-69CB918DB734}.Release|Any CPU.Build.0 = Release|Any CPU
		{157E1854-F0A3-4819-A032-81BA31F12387}.Debug|Any CPU.ActiveCfg = Debug|Any CPU
		{157E1854-F0A3-4819-A032-81BA31F12387}.Debug|Any CPU.Build.0 = Debug|Any CPU
		{157E1854-F0A3-4819-A032-81BA31F12387}.Release|Any CPU.ActiveCfg = Release|Any CPU
		{157E1854-F0A3-4819-A032-81BA31F12387}.Release|Any CPU.Build.0 = Release|Any CPU
		{EB441BAB-DAE3-4724-B63A-A182D005DA54}.Debug|Any CPU.ActiveCfg = Debug|Any CPU
		{EB441BAB-DAE3-4724-B63A-A182D005DA54}.Debug|Any CPU.Build.0 = Debug|Any CPU
		{EB441BAB-DAE3-4724-B63A-A182D005DA54}.Release|Any CPU.ActiveCfg = Release|Any CPU
		{EB441BAB-DAE3-4724-B63A-A182D005DA54}.Release|Any CPU.Build.0 = Release|Any CPU
		{BF991769-EAC3-49CA-A315-8A2AB27EDF6B}.Debug|Any CPU.ActiveCfg = Debug|Any CPU
		{BF991769-EAC3-49CA-A315-8A2AB27EDF6B}.Debug|Any CPU.Build.0 = Debug|Any CPU
		{BF991769-EAC3-49CA-A315-8A2AB27EDF6B}.Release|Any CPU.ActiveCfg = Release|Any CPU
		{BF991769-EAC3-49CA-A315-8A2AB27EDF6B}.Release|Any CPU.Build.0 = Release|Any CPU
		{F13ACF1E-21D9-4598-9E54-965B11225D1D}.Debug|Any CPU.ActiveCfg = Debug|Any CPU
		{F13ACF1E-21D9-4598-9E54-965B11225D1D}.Debug|Any CPU.Build.0 = Debug|Any CPU
		{F13ACF1E-21D9-4598-9E54-965B11225D1D}.Release|Any CPU.ActiveCfg = Release|Any CPU
		{F13ACF1E-21D9-4598-9E54-965B11225D1D}.Release|Any CPU.Build.0 = Release|Any CPU
		{64D89577-D3E9-40AF-A9FB-03EA41F7356C}.Debug|Any CPU.ActiveCfg = Debug|Any CPU
		{64D89577-D3E9-40AF-A9FB-03EA41F7356C}.Debug|Any CPU.Build.0 = Debug|Any CPU
		{64D89577-D3E9-40AF-A9FB-03EA41F7356C}.Release|Any CPU.ActiveCfg = Release|Any CPU
		{64D89577-D3E9-40AF-A9FB-03EA41F7356C}.Release|Any CPU.Build.0 = Release|Any CPU
		{158B5246-FBDC-4D78-86A6-A5AA9202E445}.Debug|Any CPU.ActiveCfg = Debug|Any CPU
		{158B5246-FBDC-4D78-86A6-A5AA9202E445}.Debug|Any CPU.Build.0 = Debug|Any CPU
		{158B5246-FBDC-4D78-86A6-A5AA9202E445}.Release|Any CPU.ActiveCfg = Release|Any CPU
		{158B5246-FBDC-4D78-86A6-A5AA9202E445}.Release|Any CPU.Build.0 = Release|Any CPU
		{781AD5FE-86F4-47FD-B7F7-F6161541C82E}.Debug|Any CPU.ActiveCfg = Debug|Any CPU
		{781AD5FE-86F4-47FD-B7F7-F6161541C82E}.Debug|Any CPU.Build.0 = Debug|Any CPU
		{781AD5FE-86F4-47FD-B7F7-F6161541C82E}.Release|Any CPU.ActiveCfg = Release|Any CPU
		{781AD5FE-86F4-47FD-B7F7-F6161541C82E}.Release|Any CPU.Build.0 = Release|Any CPU
		{41B8D7D8-A562-4E59-92BE-800B880247E4}.Debug|Any CPU.ActiveCfg = Debug|Any CPU
		{41B8D7D8-A562-4E59-92BE-800B880247E4}.Debug|Any CPU.Build.0 = Debug|Any CPU
		{41B8D7D8-A562-4E59-92BE-800B880247E4}.Release|Any CPU.ActiveCfg = Release|Any CPU
		{41B8D7D8-A562-4E59-92BE-800B880247E4}.Release|Any CPU.Build.0 = Release|Any CPU
		{ED529C28-1A3A-41FF-9485-0218F55D47C3}.Debug|Any CPU.ActiveCfg = Debug|Any CPU
		{ED529C28-1A3A-41FF-9485-0218F55D47C3}.Debug|Any CPU.Build.0 = Debug|Any CPU
		{ED529C28-1A3A-41FF-9485-0218F55D47C3}.Release|Any CPU.ActiveCfg = Release|Any CPU
		{ED529C28-1A3A-41FF-9485-0218F55D47C3}.Release|Any CPU.Build.0 = Release|Any CPU
		{10F75D72-895C-4856-9485-EA1BC5B4A7E8}.Debug|Any CPU.ActiveCfg = Debug|Any CPU
		{10F75D72-895C-4856-9485-EA1BC5B4A7E8}.Debug|Any CPU.Build.0 = Debug|Any CPU
		{10F75D72-895C-4856-9485-EA1BC5B4A7E8}.Release|Any CPU.ActiveCfg = Release|Any CPU
		{10F75D72-895C-4856-9485-EA1BC5B4A7E8}.Release|Any CPU.Build.0 = Release|Any CPU
		{98C162E5-F82A-44F0-A54E-717873F57B39}.Debug|Any CPU.ActiveCfg = Debug|Any CPU
		{98C162E5-F82A-44F0-A54E-717873F57B39}.Debug|Any CPU.Build.0 = Debug|Any CPU
		{98C162E5-F82A-44F0-A54E-717873F57B39}.Release|Any CPU.ActiveCfg = Release|Any CPU
		{98C162E5-F82A-44F0-A54E-717873F57B39}.Release|Any CPU.Build.0 = Release|Any CPU
		{E4CFCF0D-E7CF-4018-931C-86F18F855019}.Debug|Any CPU.ActiveCfg = Debug|Any CPU
		{E4CFCF0D-E7CF-4018-931C-86F18F855019}.Debug|Any CPU.Build.0 = Debug|Any CPU
		{E4CFCF0D-E7CF-4018-931C-86F18F855019}.Release|Any CPU.ActiveCfg = Release|Any CPU
		{E4CFCF0D-E7CF-4018-931C-86F18F855019}.Release|Any CPU.Build.0 = Release|Any CPU
		{31A0A274-0A7D-4DBE-AB0C-0DC999BFD3D8}.Debug|Any CPU.ActiveCfg = Debug|Any CPU
		{31A0A274-0A7D-4DBE-AB0C-0DC999BFD3D8}.Debug|Any CPU.Build.0 = Debug|Any CPU
		{31A0A274-0A7D-4DBE-AB0C-0DC999BFD3D8}.Release|Any CPU.ActiveCfg = Release|Any CPU
		{31A0A274-0A7D-4DBE-AB0C-0DC999BFD3D8}.Release|Any CPU.Build.0 = Release|Any CPU
	EndGlobalSection
	GlobalSection(SolutionProperties) = preSolution
		HideSolutionNode = FALSE
	EndGlobalSection
	GlobalSection(NestedProjects) = preSolution
		{9AC0BF22-EABA-4414-8106-1AD074666812} = {8BAB869C-0136-46CC-B9A0-46636FC4C9C8}
		{B7E89B02-7310-4605-9FB5-C6816DD5EE51} = {8BAB869C-0136-46CC-B9A0-46636FC4C9C8}
		{F28A298E-E7C8-4733-83C8-69CB918DB734} = {B7E89B02-7310-4605-9FB5-C6816DD5EE51}
		{157E1854-F0A3-4819-A032-81BA31F12387} = {29BBBC3B-7154-4E97-8CE0-82567911AFC0}
		{1824C987-16E5-4AA7-86EB-680D58B6A5C6} = {8BAB869C-0136-46CC-B9A0-46636FC4C9C8}
		{EB441BAB-DAE3-4724-B63A-A182D005DA54} = {1824C987-16E5-4AA7-86EB-680D58B6A5C6}
		{BF991769-EAC3-49CA-A315-8A2AB27EDF6B} = {29BBBC3B-7154-4E97-8CE0-82567911AFC0}
		{F13ACF1E-21D9-4598-9E54-965B11225D1D} = {B7E89B02-7310-4605-9FB5-C6816DD5EE51}
		{64D89577-D3E9-40AF-A9FB-03EA41F7356C} = {B7E89B02-7310-4605-9FB5-C6816DD5EE51}
		{158B5246-FBDC-4D78-86A6-A5AA9202E445} = {B7E89B02-7310-4605-9FB5-C6816DD5EE51}
		{781AD5FE-86F4-47FD-B7F7-F6161541C82E} = {29BBBC3B-7154-4E97-8CE0-82567911AFC0}
		{41B8D7D8-A562-4E59-92BE-800B880247E4} = {B7E89B02-7310-4605-9FB5-C6816DD5EE51}
		{ED529C28-1A3A-41FF-9485-0218F55D47C3} = {1824C987-16E5-4AA7-86EB-680D58B6A5C6}
		{10F75D72-895C-4856-9485-EA1BC5B4A7E8} = {1824C987-16E5-4AA7-86EB-680D58B6A5C6}
		{98C162E5-F82A-44F0-A54E-717873F57B39} = {29BBBC3B-7154-4E97-8CE0-82567911AFC0}
		{E4CFCF0D-E7CF-4018-931C-86F18F855019} = {B7E89B02-7310-4605-9FB5-C6816DD5EE51}
		{31A0A274-0A7D-4DBE-AB0C-0DC999BFD3D8} = {B7E89B02-7310-4605-9FB5-C6816DD5EE51}
	EndGlobalSection
	GlobalSection(ExtensibilityGlobals) = postSolution
		SolutionGuid = {8EA996F8-4CC9-4CE0-98C9-1833EAF2E957}
	EndGlobalSection
EndGlobal
